// !$*UTF8*$!
{
	archiveVersion = 1;
	classes = {
	};
	objectVersion = 50;
	objects = {

/* Begin PBXBuildFile section */
		60B53CAB2087E5F100369981 /* AppDelegate.swift in Sources */ = {isa = PBXBuildFile; fileRef = 60B53CAA2087E5F100369981 /* AppDelegate.swift */; };
		60B53CAD2087E5F100369981 /* ViewController.swift in Sources */ = {isa = PBXBuildFile; fileRef = 60B53CAC2087E5F100369981 /* ViewController.swift */; };
		60B53CB02087E5F100369981 /* Main.storyboard in Resources */ = {isa = PBXBuildFile; fileRef = 60B53CAE2087E5F100369981 /* Main.storyboard */; };
		60B53CB32087E5F100369981 /* compras.xcdatamodeld in Sources */ = {isa = PBXBuildFile; fileRef = 60B53CB12087E5F100369981 /* compras.xcdatamodeld */; };
		60B53CB52087E5F200369981 /* Assets.xcassets in Resources */ = {isa = PBXBuildFile; fileRef = 60B53CB42087E5F200369981 /* Assets.xcassets */; };
		60B53CB82087E5F200369981 /* LaunchScreen.storyboard in Resources */ = {isa = PBXBuildFile; fileRef = 60B53CB62087E5F200369981 /* LaunchScreen.storyboard */; };
/* End PBXBuildFile section */

/* Begin PBXFileReference section */
		60B53CA72087E5F100369981 /* compras.app */ = {isa = PBXFileReference; explicitFileType = wrapper.application; includeInIndex = 0; path = compras.app; sourceTree = BUILT_PRODUCTS_DIR; };
		60B53CAA2087E5F100369981 /* AppDelegate.swift */ = {isa = PBXFileReference; lastKnownFileType = sourcecode.swift; path = AppDelegate.swift; sourceTree = "<group>"; };
		60B53CAC2087E5F100369981 /* ViewController.swift */ = {isa = PBXFileReference; lastKnownFileType = sourcecode.swift; path = ViewController.swift; sourceTree = "<group>"; };
		60B53CAF2087E5F100369981 /* Base */ = {isa = PBXFileReference; lastKnownFileType = file.storyboard; name = Base; path = Base.lproj/Main.storyboard; sourceTree = "<group>"; };
		60B53CB22087E5F100369981 /* compras.xcdatamodel */ = {isa = PBXFileReference; lastKnownFileType = wrapper.xcdatamodel; path = compras.xcdatamodel; sourceTree = "<group>"; };
		60B53CB42087E5F200369981 /* Assets.xcassets */ = {isa = PBXFileReference; lastKnownFileType = folder.assetcatalog; path = Assets.xcassets; sourceTree = "<group>"; };
		60B53CB72087E5F200369981 /* Base */ = {isa = PBXFileReference; lastKnownFileType = file.storyboard; name = Base; path = Base.lproj/LaunchScreen.storyboard; sourceTree = "<group>"; };
		60B53CB92087E5F200369981 /* Info.plist */ = {isa = PBXFileReference; lastKnownFileType = text.plist.xml; path = Info.plist; sourceTree = "<group>"; };
/* End PBXFileReference section */

/* Begin PBXFrameworksBuildPhase section */
		60B53CA42087E5F000369981 /* Frameworks */ = {
			isa = PBXFrameworksBuildPhase;
			buildActionMask = 2147483647;
			files = (
			);
			runOnlyForDeploymentPostprocessing = 0;
		};
/* End PBXFrameworksBuildPhase section */

/* Begin PBXGroup section */
		60B53C9E2087E5F000369981 = {
			isa = PBXGroup;
			children = (
				60B53CA92087E5F100369981 /* compras */,
				60B53CA82087E5F100369981 /* Products */,
			);
			sourceTree = "<group>";
		};
		60B53CA82087E5F100369981 /* Products */ = {
			isa = PBXGroup;
			children = (
				60B53CA72087E5F100369981 /* compras.app */,
			);
			name = Products;
			sourceTree = "<group>";
		};
		60B53CA92087E5F100369981 /* compras */ = {
			isa = PBXGroup;
			children = (
				60B53CAA2087E5F100369981 /* AppDelegate.swift */,
				60B53CAC2087E5F100369981 /* ViewController.swift */,
				60B53CAE2087E5F100369981 /* Main.storyboard */,
				60B53CB42087E5F200369981 /* Assets.xcassets */,
				60B53CB62087E5F200369981 /* LaunchScreen.storyboard */,
				60B53CB92087E5F200369981 /* Info.plist */,
				60B53CB12087E5F100369981 /* compras.xcdatamodeld */,
			);
			path = compras;
			sourceTree = "<group>";
		};
/* End PBXGroup section */

/* Begin PBXNativeTarget section */
		60B53CA62087E5F000369981 /* compras */ = {
			isa = PBXNativeTarget;
			buildConfigurationList = 60B53CBC2087E5F200369981 /* Build configuration list for PBXNativeTarget "compras" */;
			buildPhases = (
				60B53CA32087E5F000369981 /* Sources */,
				60B53CA42087E5F000369981 /* Frameworks */,
				60B53CA52087E5F000369981 /* Resources */,
			);
			buildRules = (
			);
			dependencies = (
			);
			name = compras;
			productName = compras;
			productReference = 60B53CA72087E5F100369981 /* compras.app */;
			productType = "com.apple.product-type.application";
		};
/* End PBXNativeTarget section */

/* Begin PBXProject section */
		60B53C9F2087E5F000369981 /* Project object */ = {
			isa = PBXProject;
			attributes = {
				LastSwiftUpdateCheck = 0930;
				LastUpgradeCheck = 0930;
				ORGANIZATIONNAME = "joao neves";
				TargetAttributes = {
					60B53CA62087E5F000369981 = {
						CreatedOnToolsVersion = 9.3;
					};
				};
			};
			buildConfigurationList = 60B53CA22087E5F000369981 /* Build configuration list for PBXProject "compras" */;
			compatibilityVersion = "Xcode 9.3";
			developmentRegion = en;
			hasScannedForEncodings = 0;
			knownRegions = (
				en,
				Base,
			);
			mainGroup = 60B53C9E2087E5F000369981;
			productRefGroup = 60B53CA82087E5F100369981 /* Products */;
			projectDirPath = "";
			projectRoot = "";
			targets = (
				60B53CA62087E5F000369981 /* compras */,
			);
		};
/* End PBXProject section */

/* Begin PBXResourcesBuildPhase section */
		60B53CA52087E5F000369981 /* Resources */ = {
			isa = PBXResourcesBuildPhase;
			buildActionMask = 2147483647;
			files = (
				60B53CB82087E5F200369981 /* LaunchScreen.storyboard in Resources */,
				60B53CB52087E5F200369981 /* Assets.xcassets in Resources */,
				60B53CB02087E5F100369981 /* Main.storyboard in Resources */,
			);
			runOnlyForDeploymentPostprocessing = 0;
		};
/* End PBXResourcesBuildPhase section */

/* Begin PBXSourcesBuildPhase section */
		60B53CA32087E5F000369981 /* Sources */ = {
			isa = PBXSourcesBuildPhase;
			buildActionMask = 2147483647;
			files = (
				60B53CAD2087E5F100369981 /* ViewController.swift in Sources */,
				60B53CB32087E5F100369981 /* compras.xcdatamodeld in Sources */,
				60B53CAB2087E5F100369981 /* AppDelegate.swift in Sources */,
			);
			runOnlyForDeploymentPostprocessing = 0;
		};
/* End PBXSourcesBuildPhase section */

/* Begin PBXVariantGroup section */
		60B53CAE2087E5F100369981 /* Main.storyboard */ = {
			isa = PBXVariantGroup;
			children = (
				60B53CAF2087E5F100369981 /* Base */,
			);
			name = Main.storyboard;
			sourceTree = "<group>";
		};
		60B53CB62087E5F200369981 /* LaunchScreen.storyboard */ = {
			isa = PBXVariantGroup;
			children = (
				60B53CB72087E5F200369981 /* Base */,
			);
			name = LaunchScreen.storyboard;
			sourceTree = "<group>";
		};
/* End PBXVariantGroup section */

/* Begin XCBuildConfiguration section */
		60B53CBA2087E5F200369981 /* Debug */ = {
			isa = XCBuildConfiguration;
			buildSettings = {
				ALWAYS_SEARCH_USER_PATHS = NO;
				CLANG_ANALYZER_NONNULL = YES;
				CLANG_ANALYZER_NUMBER_OBJECT_CONVERSION = YES_AGGRESSIVE;
				CLANG_CXX_LANGUAGE_STANDARD = "gnu++14";
				CLANG_CXX_LIBRARY = "libc++";
				CLANG_ENABLE_MODULES = YES;
				CLANG_ENABLE_OBJC_ARC = YES;
				CLANG_ENABLE_OBJC_WEAK = YES;
				CLANG_WARN_BLOCK_CAPTURE_AUTORELEASING = YES;
				CLANG_WARN_BOOL_CONVERSION = YES;
				CLANG_WARN_COMMA = YES;
				CLANG_WARN_CONSTANT_CONVERSION = YES;
				CLANG_WARN_DEPRECATED_OBJC_IMPLEMENTATIONS = YES;
				CLANG_WARN_DIRECT_OBJC_ISA_USAGE = YES_ERROR;
				CLANG_WARN_DOCUMENTATION_COMMENTS = YES;
				CLANG_WARN_EMPTY_BODY = YES;
				CLANG_WARN_ENUM_CONVERSION = YES;
				CLANG_WARN_INFINITE_RECURSION = YES;
				CLANG_WARN_INT_CONVERSION = YES;
				CLANG_WARN_NON_LITERAL_NULL_CONVERSION = YES;
				CLANG_WARN_OBJC_IMPLICIT_RETAIN_SELF = YES;
				CLANG_WARN_OBJC_LITERAL_CONVERSION = YES;
				CLANG_WARN_OBJC_ROOT_CLASS = YES_ERROR;
				CLANG_WARN_RANGE_LOOP_ANALYSIS = YES;
				CLANG_WARN_STRICT_PROTOTYPES = YES;
				CLANG_WARN_SUSPICIOUS_MOVE = YES;
				CLANG_WARN_UNGUARDED_AVAILABILITY = YES_AGGRESSIVE;
				CLANG_WARN_UNREACHABLE_CODE = YES;
				CLANG_WARN__DUPLICATE_METHOD_MATCH = YES;
				CODE_SIGN_IDENTITY = "iPhone Developer";
				COPY_PHASE_STRIP = NO;
				DEBUG_INFORMATION_FORMAT = dwarf;
				ENABLE_STRICT_OBJC_MSGSEND = YES;
				ENABLE_TESTABILITY = YES;
				GCC_C_LANGUAGE_STANDARD = gnu11;
				GCC_DYNAMIC_NO_PIC = NO;
				GCC_NO_COMMON_BLOCKS = YES;
				GCC_OPTIMIZATION_LEVEL = 0;
				GCC_PREPROCESSOR_DEFINITIONS = (
					"DEBUG=1",
					"$(inherited)",
				);
				GCC_WARN_64_TO_32_BIT_CONVERSION = YES;
				GCC_WARN_ABOUT_RETURN_TYPE = YES_ERROR;
				GCC_WARN_UNDECLARED_SELECTOR = YES;
				GCC_WARN_UNINITIALIZED_AUTOS = YES_AGGRESSIVE;
				GCC_WARN_UNUSED_FUNCTION = YES;
				GCC_WARN_UNUSED_VARIABLE = YES;
				IPHONEOS_DEPLOYMENT_TARGET = 11.3;
				MTL_ENABLE_DEBUG_INFO = YES;
				ONLY_ACTIVE_ARCH = YES;
				SDKROOT = iphoneos;
				SWIFT_ACTIVE_COMPILATION_CONDITIONS = DEBUG;
				SWIFT_OPTIMIZATION_LEVEL = "-Onone";
			};
			name = Debug;
		};
		60B53CBB2087E5F200369981 /* Release */ = {
			isa = XCBuildConfiguration;
			buildSettings = {
				ALWAYS_SEARCH_USER_PATHS = NO;
				CLANG_ANALYZER_NONNULL = YES;
				CLANG_ANALYZER_NUMBER_OBJECT_CONVERSION = YES_AGGRESSIVE;
				CLANG_CXX_LANGUAGE_STANDARD = "gnu++14";
				CLANG_CXX_LIBRARY = "libc++";
				CLANG_ENABLE_MODULES = YES;
				CLANG_ENABLE_OBJC_ARC = YES;
				CLANG_ENABLE_OBJC_WEAK = YES;
				CLANG_WARN_BLOCK_CAPTURE_AUTORELEASING = YES;
				CLANG_WARN_BOOL_CONVERSION = YES;
				CLANG_WARN_COMMA = YES;
				CLANG_WARN_CONSTANT_CONVERSION = YES;
				CLANG_WARN_DEPRECATED_OBJC_IMPLEMENTATIONS = YES;
				CLANG_WARN_DIRECT_OBJC_ISA_USAGE = YES_ERROR;
				CLANG_WARN_DOCUMENTATION_COMMENTS = YES;
				CLANG_WARN_EMPTY_BODY = YES;
				CLANG_WARN_ENUM_CONVERSION = YES;
				CLANG_WARN_INFINITE_RECURSION = YES;
				CLANG_WARN_INT_CONVERSION = YES;
				CLANG_WARN_NON_LITERAL_NULL_CONVERSION = YES;
				CLANG_WARN_OBJC_IMPLICIT_RETAIN_SELF = YES;
				CLANG_WARN_OBJC_LITERAL_CONVERSION = YES;
				CLANG_WARN_OBJC_ROOT_CLASS = YES_ERROR;
				CLANG_WARN_RANGE_LOOP_ANALYSIS = YES;
				CLANG_WARN_STRICT_PROTOTYPES = YES;
				CLANG_WARN_SUSPICIOUS_MOVE = YES;
				CLANG_WARN_UNGUARDED_AVAILABILITY = YES_AGGRESSIVE;
				CLANG_WARN_UNREACHABLE_CODE = YES;
				CLANG_WARN__DUPLICATE_METHOD_MATCH = YES;
				CODE_SIGN_IDENTITY = "iPhone Developer";
				COPY_PHASE_STRIP = NO;
				DEBUG_INFORMATION_FORMAT = "dwarf-with-dsym";
				ENABLE_NS_ASSERTIONS = NO;
				ENABLE_STRICT_OBJC_MSGSEND = YES;
				GCC_C_LANGUAGE_STANDARD = gnu11;
				GCC_NO_COMMON_BLOCKS = YES;
				GCC_WARN_64_TO_32_BIT_CONVERSION = YES;
				GCC_WARN_ABOUT_RETURN_TYPE = YES_ERROR;
				GCC_WARN_UNDECLARED_SELECTOR = YES;
				GCC_WARN_UNINITIALIZED_AUTOS = YES_AGGRESSIVE;
				GCC_WARN_UNUSED_FUNCTION = YES;
				GCC_WARN_UNUSED_VARIABLE = YES;
				IPHONEOS_DEPLOYMENT_TARGET = 11.3;
				MTL_ENABLE_DEBUG_INFO = NO;
				SDKROOT = iphoneos;
				SWIFT_COMPILATION_MODE = wholemodule;
				SWIFT_OPTIMIZATION_LEVEL = "-O";
				VALIDATE_PRODUCT = YES;
			};
			name = Release;
		};
		60B53CBD2087E5F200369981 /* Debug */ = {
			isa = XCBuildConfiguration;
			buildSettings = {
				ASSETCATALOG_COMPILER_APPICON_NAME = AppIcon;
				CODE_SIGN_STYLE = Automatic;
				INFOPLIST_FILE = compras/Info.plist;
				LD_RUNPATH_SEARCH_PATHS = (
					"$(inherited)",
					"@executable_path/Frameworks",
				);
				PRODUCT_BUNDLE_IDENTIFIER = www.14mob.com.compras;
				PRODUCT_NAME = "$(TARGET_NAME)";
				SWIFT_VERSION = 4.0;
				TARGETED_DEVICE_FAMILY = "1,2";
			};
			name = Debug;
		};
		60B53CBE2087E5F200369981 /* Release */ = {
			isa = XCBuildConfiguration;
			buildSettings = {
				ASSETCATALOG_COMPILER_APPICON_NAME = AppIcon;
				CODE_SIGN_STYLE = Automatic;
				INFOPLIST_FILE = compras/Info.plist;
				LD_RUNPATH_SEARCH_PATHS = (
					"$(inherited)",
					"@executable_path/Frameworks",
				);
				PRODUCT_BUNDLE_IDENTIFIER = www.14mob.com.compras;
				PRODUCT_NAME = "$(TARGET_NAME)";
				SWIFT_VERSION = 4.0;
				TARGETED_DEVICE_FAMILY = "1,2";
			};
			name = Release;
		};
/* End XCBuildConfiguration section */

/* Begin XCConfigurationList section */
		60B53CA22087E5F000369981 /* Build configuration list for PBXProject "compras" */ = {
			isa = XCConfigurationList;
			buildConfigurations = (
				60B53CBA2087E5F200369981 /* Debug */,
				60B53CBB2087E5F200369981 /* Release */,
			);
			defaultConfigurationIsVisible = 0;
			defaultConfigurationName = Release;
		};
		60B53CBC2087E5F200369981 /* Build configuration list for PBXNativeTarget "compras" */ = {
			isa = XCConfigurationList;
			buildConfigurations = (
				60B53CBD2087E5F200369981 /* Debug */,
				60B53CBE2087E5F200369981 /* Release */,
			);
			defaultConfigurationIsVisible = 0;
			defaultConfigurationName = Release;
		};
/* End XCConfigurationList section */

/* Begin XCVersionGroup section */
		60B53CB12087E5F100369981 /* compras.xcdatamodeld */ = {
			isa = XCVersionGroup;
			children = (
				60B53CB22087E5F100369981 /* compras.xcdatamodel */,
			);
			currentVersion = 60B53CB22087E5F100369981 /* compras.xcdatamodel */;
			path = compras.xcdatamodeld;
			sourceTree = "<group>";
			versionGroupType = wrapper.xcdatamodel;
		};
/* End XCVersionGroup section */
	};
	rootObject = 60B53C9F2087E5F000369981 /* Project object */;
}
